Microsoft Visual Studio Solution File, Format Version 12.00
# Visual Studio Version 17
VisualStudioVersion = 17.13.35919.96
MinimumVisualStudioVersion = 10.0.40219.1
Project("{FAE04EC0-301F-11D3-BF4B-00C04F79EFBC}") = "examen01_ti_Alvarez_MartinezA", "examen01_ti_Alvarez_MartinezA\examen01_ti_Alvarez_MartinezA.csproj", "{5F218B8E-44DD-462B-A868-984763BCEA21}"
EndProject
Global
	GlobalSection(SolutionConfigurationPlatforms) = preSolution
		Debug|Any CPU = Debug|Any CPU
		Release|Any CPU = Release|Any CPU
	EndGlobalSection
	GlobalSection(ProjectConfigurationPlatforms) = postSolution
		{5F218B8E-44DD-462B-A868-984763BCEA21}.Debug|Any CPU.ActiveCfg = Debug|Any CPU
		{5F218B8E-44DD-462B-A868-984763BCEA21}.Debug|Any CPU.Build.0 = Debug|Any CPU
		{5F218B8E-44DD-462B-A868-984763BCEA21}.Release|Any CPU.ActiveCfg = Release|Any CPU
		{5F218B8E-44DD-462B-A868-984763BCEA21}.Release|Any CPU.Build.0 = Release|Any CPU
	EndGlobalSection
	GlobalSection(SolutionProperties) = preSolution
		HideSolutionNode = FALSE
	EndGlobalSection
	GlobalSection(ExtensibilityGlobals) = postSolution
		SolutionGuid = {CAD3FD95-2DB4-4215-911E-CFE741988211}
	EndGlobalSection
EndGlobal
